// !$*UTF8*$!
{
	archiveVersion = 1;
	classes = {
	};
	objectVersion = 50;
	objects = {

/* Begin PBXBuildFile section */
		4F5D40CE24A6A9B400BABC34 /* AppDelegate.swift in Sources */ = {isa = PBXBuildFile; fileRef = 4F5D40CD24A6A9B400BABC34 /* AppDelegate.swift */; };
		4F5D40D024A6A9B400BABC34 /* SceneDelegate.swift in Sources */ = {isa = PBXBuildFile; fileRef = 4F5D40CF24A6A9B400BABC34 /* SceneDelegate.swift */; };
		4F5D40D224A6A9B400BABC34 /* ViewController.swift in Sources */ = {isa = PBXBuildFile; fileRef = 4F5D40D124A6A9B400BABC34 /* ViewController.swift */; };
		4F5D40D524A6A9B400BABC34 /* Main.storyboard in Resources */ = {isa = PBXBuildFile; fileRef = 4F5D40D324A6A9B400BABC34 /* Main.storyboard */; };
		4F5D40D824A6A9B400BABC34 /* todo_Naveen_c0765772.xcdatamodeld in Sources */ = {isa = PBXBuildFile; fileRef = 4F5D40D624A6A9B400BABC34 /* todo_Naveen_c0765772.xcdatamodeld */; };
		4F5D40DA24A6A9BB00BABC34 /* Assets.xcassets in Resources */ = {isa = PBXBuildFile; fileRef = 4F5D40D924A6A9BB00BABC34 /* Assets.xcassets */; };
		4F5D40DD24A6A9BB00BABC34 /* LaunchScreen.storyboard in Resources */ = {isa = PBXBuildFile; fileRef = 4F5D40DB24A6A9BB00BABC34 /* LaunchScreen.storyboard */; };
/* End PBXBuildFile section */

/* Begin PBXFileReference section */
		4F5D40CA24A6A9B400BABC34 /* todo_Naveen_c0765772.app */ = {isa = PBXFileReference; explicitFileType = wrapper.application; includeInIndex = 0; path = todo_Naveen_c0765772.app; sourceTree = BUILT_PRODUCTS_DIR; };
		4F5D40CD24A6A9B400BABC34 /* AppDelegate.swift */ = {isa = PBXFileReference; lastKnownFileType = sourcecode.swift; path = AppDelegate.swift; sourceTree = "<group>"; };
		4F5D40CF24A6A9B400BABC34 /* SceneDelegate.swift */ = {isa = PBXFileReference; lastKnownFileType = sourcecode.swift; path = SceneDelegate.swift; sourceTree = "<group>"; };
		4F5D40D124A6A9B400BABC34 /* ViewController.swift */ = {isa = PBXFileReference; lastKnownFileType = sourcecode.swift; path = ViewController.swift; sourceTree = "<group>"; };
		4F5D40D424A6A9B400BABC34 /* Base */ = {isa = PBXFileReference; lastKnownFileType = file.storyboard; name = Base; path = Base.lproj/Main.storyboard; sourceTree = "<group>"; };
		4F5D40D724A6A9B400BABC34 /* todo_Naveen_c0765772.xcdatamodel */ = {isa = PBXFileReference; lastKnownFileType = wrapper.xcdatamodel; path = todo_Naveen_c0765772.xcdatamodel; sourceTree = "<group>"; };
		4F5D40D924A6A9BB00BABC34 /* Assets.xcassets */ = {isa = PBXFileReference; lastKnownFileType = folder.assetcatalog; path = Assets.xcassets; sourceTree = "<group>"; };
		4F5D40DC24A6A9BB00BABC34 /* Base */ = {isa = PBXFileReference; lastKnownFileType = file.storyboard; name = Base; path = Base.lproj/LaunchScreen.storyboard; sourceTree = "<group>"; };
		4F5D40DE24A6A9BB00BABC34 /* Info.plist */ = {isa = PBXFileReference; lastKnownFileType = text.plist.xml; path = Info.plist; sourceTree = "<group>"; };
/* End PBXFileReference section */

/* Begin PBXFrameworksBuildPhase section */
		4F5D40C724A6A9B400BABC34 /* Frameworks */ = {
			isa = PBXFrameworksBuildPhase;
			buildActionMask = 2147483647;
			files = (
			);
			runOnlyForDeploymentPostprocessing = 0;
		};
/* End PBXFrameworksBuildPhase section */

/* Begin PBXGroup section */
		4F5D40C124A6A9B400BABC34 = {
			isa = PBXGroup;
			children = (
				4F5D40CC24A6A9B400BABC34 /* todo_Naveen_c0765772 */,
				4F5D40CB24A6A9B400BABC34 /* Products */,
			);
			sourceTree = "<group>";
		};
		4F5D40CB24A6A9B400BABC34 /* Products */ = {
			isa = PBXGroup;
			children = (
				4F5D40CA24A6A9B400BABC34 /* todo_Naveen_c0765772.app */,
			);
			name = Products;
			sourceTree = "<group>";
		};
		4F5D40CC24A6A9B400BABC34 /* todo_Naveen_c0765772 */ = {
			isa = PBXGroup;
			children = (
				4F5D40CD24A6A9B400BABC34 /* AppDelegate.swift */,
				4F5D40CF24A6A9B400BABC34 /* SceneDelegate.swift */,
				4F5D40D124A6A9B400BABC34 /* ViewController.swift */,
				4F5D40D324A6A9B400BABC34 /* Main.storyboard */,
				4F5D40D924A6A9BB00BABC34 /* Assets.xcassets */,
				4F5D40DB24A6A9BB00BABC34 /* LaunchScreen.storyboard */,
				4F5D40DE24A6A9BB00BABC34 /* Info.plist */,
				4F5D40D624A6A9B400BABC34 /* todo_Naveen_c0765772.xcdatamodeld */,
			);
			path = todo_Naveen_c0765772;
			sourceTree = "<group>";
		};
/* End PBXGroup section */

/* Begin PBXNativeTarget section */
		4F5D40C924A6A9B400BABC34 /* todo_Naveen_c0765772 */ = {
			isa = PBXNativeTarget;
			buildConfigurationList = 4F5D40E124A6A9BB00BABC34 /* Build configuration list for PBXNativeTarget "todo_Naveen_c0765772" */;
			buildPhases = (
				4F5D40C624A6A9B400BABC34 /* Sources */,
				4F5D40C724A6A9B400BABC34 /* Frameworks */,
				4F5D40C824A6A9B400BABC34 /* Resources */,
			);
			buildRules = (
			);
			dependencies = (
			);
			name = todo_Naveen_c0765772;
			productName = todo_Naveen_c0765772;
			productReference = 4F5D40CA24A6A9B400BABC34 /* todo_Naveen_c0765772.app */;
			productType = "com.apple.product-type.application";
		};
/* End PBXNativeTarget section */

/* Begin PBXProject section */
		4F5D40C224A6A9B400BABC34 /* Project object */ = {
			isa = PBXProject;
			attributes = {
				LastSwiftUpdateCheck = 1150;
				LastUpgradeCheck = 1150;
				ORGANIZATIONNAME = "Naveen Kumar";
				TargetAttributes = {
					4F5D40C924A6A9B400BABC34 = {
						CreatedOnToolsVersion = 11.5;
					};
				};
			};
			buildConfigurationList = 4F5D40C524A6A9B400BABC34 /* Build configuration list for PBXProject "todo_Naveen_c0765772" */;
			compatibilityVersion = "Xcode 9.3";
			developmentRegion = en;
			hasScannedForEncodings = 0;
			knownRegions = (
				en,
				Base,
			);
			mainGroup = 4F5D40C124A6A9B400BABC34;
			productRefGroup = 4F5D40CB24A6A9B400BABC34 /* Products */;
			projectDirPath = "";
			projectRoot = "";
			targets = (
				4F5D40C924A6A9B400BABC34 /* todo_Naveen_c0765772 */,
			);
		};
/* End PBXProject section */

/* Begin PBXResourcesBuildPhase section */
		4F5D40C824A6A9B400BABC34 /* Resources */ = {
			isa = PBXResourcesBuildPhase;
			buildActionMask = 2147483647;
			files = (
				4F5D40DD24A6A9BB00BABC34 /* LaunchScreen.storyboard in Resources */,
				4F5D40DA24A6A9BB00BABC34 /* Assets.xcassets in Resources */,
				4F5D40D524A6A9B400BABC34 /* Main.storyboard in Resources */,
			);
			runOnlyForDeploymentPostprocessing = 0;
		};
/* End PBXResourcesBuildPhase section */

/* Begin PBXSourcesBuildPhase section */
		4F5D40C624A6A9B400BABC34 /* Sources */ = {
			isa = PBXSourcesBuildPhase;
			buildActionMask = 2147483647;
			files = (
				4F5D40D224A6A9B400BABC34 /* ViewController.swift in Sources */,
				4F5D40D824A6A9B400BABC34 /* todo_Naveen_c0765772.xcdatamodeld in Sources */,
				4F5D40CE24A6A9B400BABC34 /* AppDelegate.swift in Sources */,
				4F5D40D024A6A9B400BABC34 /* SceneDelegate.swift in Sources */,
			);
			runOnlyForDeploymentPostprocessing = 0;
		};
/* End PBXSourcesBuildPhase section */

/* Begin PBXVariantGroup section */
		4F5D40D324A6A9B400BABC34 /* Main.storyboard */ = {
			isa = PBXVariantGroup;
			children = (
				4F5D40D424A6A9B400BABC34 /* Base */,
			);
			name = Main.storyboard;
			sourceTree = "<group>";
		};
		4F5D40DB24A6A9BB00BABC34 /* LaunchScreen.storyboard */ = {
			isa = PBXVariantGroup;
			children = (
				4F5D40DC24A6A9BB00BABC34 /* Base */,
			);
			name = LaunchScreen.storyboard;
			sourceTree = "<group>";
		};
/* End PBXVariantGroup section */

/* Begin XCBuildConfiguration section */
		4F5D40DF24A6A9BB00BABC34 /* Debug */ = {
			isa = XCBuildConfiguration;
			buildSettings = {
				ALWAYS_SEARCH_USER_PATHS = NO;
				CLANG_ANALYZER_NONNULL = YES;
				CLANG_ANALYZER_NUMBER_OBJECT_CONVERSION = YES_AGGRESSIVE;
				CLANG_CXX_LANGUAGE_STANDARD = "gnu++14";
				CLANG_CXX_LIBRARY = "libc++";
				CLANG_ENABLE_MODULES = YES;
				CLANG_ENABLE_OBJC_ARC = YES;
				CLANG_ENABLE_OBJC_WEAK = YES;
				CLANG_WARN_BLOCK_CAPTURE_AUTORELEASING = YES;
				CLANG_WARN_BOOL_CONVERSION = YES;
				CLANG_WARN_COMMA = YES;
				CLANG_WARN_CONSTANT_CONVERSION = YES;
				CLANG_WARN_DEPRECATED_OBJC_IMPLEMENTATIONS = YES;
				CLANG_WARN_DIRECT_OBJC_ISA_USAGE = YES_ERROR;
				CLANG_WARN_DOCUMENTATION_COMMENTS = YES;
				CLANG_WARN_EMPTY_BODY = YES;
				CLANG_WARN_ENUM_CONVERSION = YES;
				CLANG_WARN_INFINITE_RECURSION = YES;
				CLANG_WARN_INT_CONVERSION = YES;
				CLANG_WARN_NON_LITERAL_NULL_CONVERSION = YES;
				CLANG_WARN_OBJC_IMPLICIT_RETAIN_SELF = YES;
				CLANG_WARN_OBJC_LITERAL_CONVERSION = YES;
				CLANG_WARN_OBJC_ROOT_CLASS = YES_ERROR;
				CLANG_WARN_RANGE_LOOP_ANALYSIS = YES;
				CLANG_WARN_STRICT_PROTOTYPES = YES;
				CLANG_WARN_SUSPICIOUS_MOVE = YES;
				CLANG_WARN_UNGUARDED_AVAILABILITY = YES_AGGRESSIVE;
				CLANG_WARN_UNREACHABLE_CODE = YES;
				CLANG_WARN__DUPLICATE_METHOD_MATCH = YES;
				COPY_PHASE_STRIP = NO;
				DEBUG_INFORMATION_FORMAT = dwarf;
				ENABLE_STRICT_OBJC_MSGSEND = YES;
				ENABLE_TESTABILITY = YES;
				GCC_C_LANGUAGE_STANDARD = gnu11;
				GCC_DYNAMIC_NO_PIC = NO;
				GCC_NO_COMMON_BLOCKS = YES;
				GCC_OPTIMIZATION_LEVEL = 0;
				GCC_PREPROCESSOR_DEFINITIONS = (
					"DEBUG=1",
					"$(inherited)",
				);
				GCC_WARN_64_TO_32_BIT_CONVERSION = YES;
				GCC_WARN_ABOUT_RETURN_TYPE = YES_ERROR;
				GCC_WARN_UNDECLARED_SELECTOR = YES;
				GCC_WARN_UNINITIALIZED_AUTOS = YES_AGGRESSIVE;
				GCC_WARN_UNUSED_FUNCTION = YES;
				GCC_WARN_UNUSED_VARIABLE = YES;
				IPHONEOS_DEPLOYMENT_TARGET = 13.5;
				MTL_ENABLE_DEBUG_INFO = INCLUDE_SOURCE;
				MTL_FAST_MATH = YES;
				ONLY_ACTIVE_ARCH = YES;
				SDKROOT = iphoneos;
				SWIFT_ACTIVE_COMPILATION_CONDITIONS = DEBUG;
				SWIFT_OPTIMIZATION_LEVEL = "-Onone";
			};
			name = Debug;
		};
		4F5D40E024A6A9BB00BABC34 /* Release */ = {
			isa = XCBuildConfiguration;
			buildSettings = {
				ALWAYS_SEARCH_USER_PATHS = NO;
				CLANG_ANALYZER_NONNULL = YES;
				CLANG_ANALYZER_NUMBER_OBJECT_CONVERSION = YES_AGGRESSIVE;
				CLANG_CXX_LANGUAGE_STANDARD = "gnu++14";
				CLANG_CXX_LIBRARY = "libc++";
				CLANG_ENABLE_MODULES = YES;
				CLANG_ENABLE_OBJC_ARC = YES;
				CLANG_ENABLE_OBJC_WEAK = YES;
				CLANG_WARN_BLOCK_CAPTURE_AUTORELEASING = YES;
				CLANG_WARN_BOOL_CONVERSION = YES;
				CLANG_WARN_COMMA = YES;
				CLANG_WARN_CONSTANT_CONVERSION = YES;
				CLANG_WARN_DEPRECATED_OBJC_IMPLEMENTATIONS = YES;
				CLANG_WARN_DIRECT_OBJC_ISA_USAGE = YES_ERROR;
				CLANG_WARN_DOCUMENTATION_COMMENTS = YES;
				CLANG_WARN_EMPTY_BODY = YES;
				CLANG_WARN_ENUM_CONVERSION = YES;
				CLANG_WARN_INFINITE_RECURSION = YES;
				CLANG_WARN_INT_CONVERSION = YES;
				CLANG_WARN_NON_LITERAL_NULL_CONVERSION = YES;
				CLANG_WARN_OBJC_IMPLICIT_RETAIN_SELF = YES;
				CLANG_WARN_OBJC_LITERAL_CONVERSION = YES;
				CLANG_WARN_OBJC_ROOT_CLASS = YES_ERROR;
				CLANG_WARN_RANGE_LOOP_ANALYSIS = YES;
				CLANG_WARN_STRICT_PROTOTYPES = YES;
				CLANG_WARN_SUSPICIOUS_MOVE = YES;
				CLANG_WARN_UNGUARDED_AVAILABILITY = YES_AGGRESSIVE;
				CLANG_WARN_UNREACHABLE_CODE = YES;
				CLANG_WARN__DUPLICATE_METHOD_MATCH = YES;
				COPY_PHASE_STRIP = NO;
				DEBUG_INFORMATION_FORMAT = "dwarf-with-dsym";
				ENABLE_NS_ASSERTIONS = NO;
				ENABLE_STRICT_OBJC_MSGSEND = YES;
				GCC_C_LANGUAGE_STANDARD = gnu11;
				GCC_NO_COMMON_BLOCKS = YES;
				GCC_WARN_64_TO_32_BIT_CONVERSION = YES;
				GCC_WARN_ABOUT_RETURN_TYPE = YES_ERROR;
				GCC_WARN_UNDECLARED_SELECTOR = YES;
				GCC_WARN_UNINITIALIZED_AUTOS = YES_AGGRESSIVE;
				GCC_WARN_UNUSED_FUNCTION = YES;
				GCC_WARN_UNUSED_VARIABLE = YES;
				IPHONEOS_DEPLOYMENT_TARGET = 13.5;
				MTL_ENABLE_DEBUG_INFO = NO;
				MTL_FAST_MATH = YES;
				SDKROOT = iphoneos;
				SWIFT_COMPILATION_MODE = wholemodule;
				SWIFT_OPTIMIZATION_LEVEL = "-O";
				VALIDATE_PRODUCT = YES;
			};
			name = Release;
		};
		4F5D40E224A6A9BB00BABC34 /* Debug */ = {
			isa = XCBuildConfiguration;
			buildSettings = {
				ASSETCATALOG_COMPILER_APPICON_NAME = AppIcon;
				CODE_SIGN_STYLE = Automatic;
				INFOPLIST_FILE = todo_Naveen_c0765772/Info.plist;
				LD_RUNPATH_SEARCH_PATHS = (
					"$(inherited)",
					"@executable_path/Frameworks",
				);
				PRODUCT_BUNDLE_IDENTIFIER = "todoApp.todo-Naveen-c0765772";
				PRODUCT_NAME = "$(TARGET_NAME)";
				SWIFT_VERSION = 5.0;
				TARGETED_DEVICE_FAMILY = "1,2";
			};
			name = Debug;
		};
		4F5D40E324A6A9BB00BABC34 /* Release */ = {
			isa = XCBuildConfiguration;
			buildSettings = {
				ASSETCATALOG_COMPILER_APPICON_NAME = AppIcon;
				CODE_SIGN_STYLE = Automatic;
				INFOPLIST_FILE = todo_Naveen_c0765772/Info.plist;
				LD_RUNPATH_SEARCH_PATHS = (
					"$(inherited)",
					"@executable_path/Frameworks",
				);
				PRODUCT_BUNDLE_IDENTIFIER = "todoApp.todo-Naveen-c0765772";
				PRODUCT_NAME = "$(TARGET_NAME)";
				SWIFT_VERSION = 5.0;
				TARGETED_DEVICE_FAMILY = "1,2";
			};
			name = Release;
		};
/* End XCBuildConfiguration section */

/* Begin XCConfigurationList section */
		4F5D40C524A6A9B400BABC34 /* Build configuration list for PBXProject "todo_Naveen_c0765772" */ = {
			isa = XCConfigurationList;
			buildConfigurations = (
				4F5D40DF24A6A9BB00BABC34 /* Debug */,
				4F5D40E024A6A9BB00BABC34 /* Release */,
			);
			defaultConfigurationIsVisible = 0;
			defaultConfigurationName = Release;
		};
		4F5D40E124A6A9BB00BABC34 /* Build configuration list for PBXNativeTarget "todo_Naveen_c0765772" */ = {
			isa = XCConfigurationList;
			buildConfigurations = (
				4F5D40E224A6A9BB00BABC34 /* Debug */,
				4F5D40E324A6A9BB00BABC34 /* Release */,
			);
			defaultConfigurationIsVisible = 0;
			defaultConfigurationName = Release;
		};
/* End XCConfigurationList section */

/* Begin XCVersionGroup section */
		4F5D40D624A6A9B400BABC34 /* todo_Naveen_c0765772.xcdatamodeld */ = {
			isa = XCVersionGroup;
			children = (
				4F5D40D724A6A9B400BABC34 /* todo_Naveen_c0765772.xcdatamodel */,
			);
			currentVersion = 4F5D40D724A6A9B400BABC34 /* todo_Naveen_c0765772.xcdatamodel */;
			path = todo_Naveen_c0765772.xcdatamodeld;
			sourceTree = "<group>";
			versionGroupType = wrapper.xcdatamodel;
		};
/* End XCVersionGroup section */
	};
	rootObject = 4F5D40C224A6A9B400BABC34 /* Project object */;
}
